
Microsoft Visual Studio Solution File, Format Version 12.00
# Visual Studio Version 16
VisualStudioVersion = 16.0.31624.102
MinimumVisualStudioVersion = 10.0.40219.1
Project("{2150E333-8FDC-42A3-9474-1A3956D46DE8}") = "Solution Items", "Solution Items", "{8DBC14C4-FB96-4B89-B8B5-F3DCAFBB4A03}"
	ProjectSection(SolutionItems) = preProject
		..\..\AspNetCore.Docs\aspnetcore\tutorials\dotnet-watch.md = ..\..\AspNetCore.Docs\aspnetcore\tutorials\dotnet-watch.md
		Notes.txt = Notes.txt
		readme.md = readme.md
		runme.bat = runme.bat
	EndProjectSection
EndProject
Project("{2150E333-8FDC-42A3-9474-1A3956D46DE8}") = "Helpers", "Helpers", "{760230C9-575B-437C-A288-FC0C01570E59}"
EndProject
Project("{FAE04EC0-301F-11D3-BF4B-00C04F79EFBC}") = "HelperFormsApp", "HelperFormsApp\HelperFormsApp.csproj", "{A6C13C8B-422E-4DF1-9363-AE7F8E3C6461}"
EndProject
Project("{9A19103F-16F7-4668-BE54-9A1E7A4F7556}") = "ValidationSample", "ValidationSample\ValidationSample.csproj", "{0BD99DD9-2C91-4CBF-8328-E82C779E38E7}"
EndProject
Project("{9A19103F-16F7-4668-BE54-9A1E7A4F7556}") = "HttpRequestsSample", "HttpRequestsSample\HttpRequestsSample.csproj", "{EE57CFF2-1000-4E58-87A9-F7637D1A0BCB}"
EndProject
Project("{2150E333-8FDC-42A3-9474-1A3956D46DE8}") = "Startups", "Startups", "{3942534C-7B75-4CE6-A07F-C6902CD1FB08}"
EndProject
Project("{9A19103F-16F7-4668-BE54-9A1E7A4F7556}") = "hello-world", "hello-world\hello-world.csproj", "{6E054B40-8F60-4C91-B4E3-774CAF133B88}"
EndProject
Project("{9A19103F-16F7-4668-BE54-9A1E7A4F7556}") = "Demo1", "Demo1\Demo1.csproj", "{0436BBB4-2C9D-49B6-8802-91F66C34793A}"
EndProject
Global
	GlobalSection(SolutionConfigurationPlatforms) = preSolution
		Debug|Any CPU = Debug|Any CPU
		Release|Any CPU = Release|Any CPU
	EndGlobalSection
	GlobalSection(ProjectConfigurationPlatforms) = postSolution
		{A6C13C8B-422E-4DF1-9363-AE7F8E3C6461}.Debug|Any CPU.ActiveCfg = Debug|Any CPU
		{A6C13C8B-422E-4DF1-9363-AE7F8E3C6461}.Debug|Any CPU.Build.0 = Debug|Any CPU
		{A6C13C8B-422E-4DF1-9363-AE7F8E3C6461}.Release|Any CPU.ActiveCfg = Release|Any CPU
		{A6C13C8B-422E-4DF1-9363-AE7F8E3C6461}.Release|Any CPU.Build.0 = Release|Any CPU
		{0BD99DD9-2C91-4CBF-8328-E82C779E38E7}.Debug|Any CPU.ActiveCfg = Debug|Any CPU
		{0BD99DD9-2C91-4CBF-8328-E82C779E38E7}.Debug|Any CPU.Build.0 = Debug|Any CPU
		{0BD99DD9-2C91-4CBF-8328-E82C779E38E7}.Release|Any CPU.ActiveCfg = Release|Any CPU
		{0BD99DD9-2C91-4CBF-8328-E82C779E38E7}.Release|Any CPU.Build.0 = Release|Any CPU
		{EE57CFF2-1000-4E58-87A9-F7637D1A0BCB}.Debug|Any CPU.ActiveCfg = Debug|Any CPU
		{EE57CFF2-1000-4E58-87A9-F7637D1A0BCB}.Debug|Any CPU.Build.0 = Debug|Any CPU
		{EE57CFF2-1000-4E58-87A9-F7637D1A0BCB}.Release|Any CPU.ActiveCfg = Release|Any CPU
		{EE57CFF2-1000-4E58-87A9-F7637D1A0BCB}.Release|Any CPU.Build.0 = Release|Any CPU
		{6E054B40-8F60-4C91-B4E3-774CAF133B88}.Debug|Any CPU.ActiveCfg = Debug|Any CPU
		{6E054B40-8F60-4C91-B4E3-774CAF133B88}.Debug|Any CPU.Build.0 = Debug|Any CPU
		{6E054B40-8F60-4C91-B4E3-774CAF133B88}.Release|Any CPU.ActiveCfg = Release|Any CPU
		{6E054B40-8F60-4C91-B4E3-774CAF133B88}.Release|Any CPU.Build.0 = Release|Any CPU
		{0436BBB4-2C9D-49B6-8802-91F66C34793A}.Debug|Any CPU.ActiveCfg = Debug|Any CPU
		{0436BBB4-2C9D-49B6-8802-91F66C34793A}.Debug|Any CPU.Build.0 = Debug|Any CPU
		{0436BBB4-2C9D-49B6-8802-91F66C34793A}.Release|Any CPU.ActiveCfg = Release|Any CPU
		{0436BBB4-2C9D-49B6-8802-91F66C34793A}.Release|Any CPU.Build.0 = Release|Any CPU
	EndGlobalSection
	GlobalSection(SolutionProperties) = preSolution
		HideSolutionNode = FALSE
	EndGlobalSection
	GlobalSection(NestedProjects) = preSolution
		{A6C13C8B-422E-4DF1-9363-AE7F8E3C6461} = {760230C9-575B-437C-A288-FC0C01570E59}
		{6E054B40-8F60-4C91-B4E3-774CAF133B88} = {3942534C-7B75-4CE6-A07F-C6902CD1FB08}
		{0436BBB4-2C9D-49B6-8802-91F66C34793A} = {3942534C-7B75-4CE6-A07F-C6902CD1FB08}
	EndGlobalSection
	GlobalSection(ExtensibilityGlobals) = postSolution
		SolutionGuid = {F1ECDB70-3A8A-414B-B65A-C318F24687B4}
	EndGlobalSection
EndGlobal
